
Microsoft Visual Studio Solution File, Format Version 12.00
# Visual Studio 2012
Project("{8BC9CEB8-8B4A-11D0-8D11-00A0C91BC942}") = "Pong", "Pong.vcxproj", "{47C4572C-C860-4FF3-A5F0-BEBEF0A1233B}"
EndProject
Global
	GlobalSection(SolutionConfigurationPlatforms) = preSolution
		Debug|Win32 = Debug|Win32
		Release|Win32 = Release|Win32
	EndGlobalSection
	GlobalSection(ProjectConfigurationPlatforms) = postSolution
		{47C4572C-C860-4FF3-A5F0-BEBEF0A1233B}.Debug|Win32.ActiveCfg = Debug|Win32
		{47C4572C-C860-4FF3-A5F0-BEBEF0A1233B}.Debug|Win32.Build.0 = Debug|Win32
		{47C4572C-C860-4FF3-A5F0-BEBEF0A1233B}.Release|Win32.ActiveCfg = Release|Win32
		{47C4572C-C860-4FF3-A5F0-BEBEF0A1233B}.Release|Win32.Build.0 = Release|Win32
	EndGlobalSection
	GlobalSection(SolutionProperties) = preSolution
		HideSolutionNode = FALSE
	EndGlobalSection
EndGlobal
